Microsoft Visual Studio Solution File, Format Version 12.00
# Visual Studio Version 17
VisualStudioVersion = 17.5.2.0
MinimumVisualStudioVersion = 10.0.40219.1
Project("{FAE04EC0-301F-11D3-BF4B-00C04F79EFBC}") = "CurrencyRatioExchange", "CurrencyRatioExchange.csproj", "{2769363B-EFE5-6545-2982-ECC43CC8C507}"
EndProject
Global
	GlobalSection(SolutionConfigurationPlatforms) = preSolution
		Debug|Any CPU = Debug|Any CPU
		Release|Any CPU = Release|Any CPU
	EndGlobalSection
	GlobalSection(ProjectConfigurationPlatforms) = postSolution
		{2769363B-EFE5-6545-2982-ECC43CC8C507}.Debug|Any CPU.ActiveCfg = Debug|Any CPU
		{2769363B-EFE5-6545-2982-ECC43CC8C507}.Debug|Any CPU.Build.0 = Debug|Any CPU
		{2769363B-EFE5-6545-2982-ECC43CC8C507}.Release|Any CPU.ActiveCfg = Release|Any CPU
		{2769363B-EFE5-6545-2982-ECC43CC8C507}.Release|Any CPU.Build.0 = Release|Any CPU
	EndGlobalSection
	GlobalSection(SolutionProperties) = preSolution
		HideSolutionNode = FALSE
	EndGlobalSection
	GlobalSection(ExtensibilityGlobals) = postSolution
		SolutionGuid = {DCB300EE-3B14-47EF-B62E-D1303E2AFB33}
	EndGlobalSection
EndGlobal
